
Microsoft Visual Studio Solution File, Format Version 12.00
# Visual Studio 15
Project("{FAE04EC0-301F-11D3-BF4B-00C04F79EFBC}") = "Assembly-CSharp", "Assembly-CSharp.csproj", "{C30FF43F-22DE-05D3-AF7E-6C7FA0B442AE}"
EndProject
Global
	GlobalSection(SolutionConfigurationPlatforms) = preSolution
		Debug|Any CPU = Debug|Any CPU
		Release|Any CPU = Release|Any CPU
	EndGlobalSection
	GlobalSection(ProjectConfigurationPlatforms) = postSolution
		{C30FF43F-22DE-05D3-AF7E-6C7FA0B442AE}.Debug|Any CPU.ActiveCfg = Debug|Any CPU
		{C30FF43F-22DE-05D3-AF7E-6C7FA0B442AE}.Debug|Any CPU.Build.0 = Debug|Any CPU
		{C30FF43F-22DE-05D3-AF7E-6C7FA0B442AE}.Release|Any CPU.ActiveCfg = Release|Any CPU
		{C30FF43F-22DE-05D3-AF7E-6C7FA0B442AE}.Release|Any CPU.Build.0 = Release|Any CPU
	EndGlobalSection
	GlobalSection(SolutionProperties) = preSolution
		HideSolutionNode = FALSE
	EndGlobalSection
EndGlobal
